
Microsoft Visual Studio Solution File, Format Version 12.00
# Visual Studio 15
VisualStudioVersion = 15.0.27130.2036
MinimumVisualStudioVersion = 10.0.40219.1
Project("{FAE04EC0-301F-11D3-BF4B-00C04F79EFBC}") = "extract_wav", "extract_wav\extract_wav.csproj", "{AFD0B617-D2E1-41B6-9D2D-D0408019103D}"
EndProject
Global
	GlobalSection(SolutionConfigurationPlatforms) = preSolution
		Debug|Any CPU = Debug|Any CPU
		Release|Any CPU = Release|Any CPU
	EndGlobalSection
	GlobalSection(ProjectConfigurationPlatforms) = postSolution
		{AFD0B617-D2E1-41B6-9D2D-D0408019103D}.Debug|Any CPU.ActiveCfg = Debug|Any CPU
		{AFD0B617-D2E1-41B6-9D2D-D0408019103D}.Debug|Any CPU.Build.0 = Debug|Any CPU
		{AFD0B617-D2E1-41B6-9D2D-D0408019103D}.Release|Any CPU.ActiveCfg = Release|Any CPU
		{AFD0B617-D2E1-41B6-9D2D-D0408019103D}.Release|Any CPU.Build.0 = Release|Any CPU
	EndGlobalSection
	GlobalSection(SolutionProperties) = preSolution
		HideSolutionNode = FALSE
	EndGlobalSection
	GlobalSection(ExtensibilityGlobals) = postSolution
		SolutionGuid = {0A488C4C-F351-40C3-A334-DF01783889C9}
	EndGlobalSection
EndGlobal
